
Microsoft Visual Studio Solution File, Format Version 12.00
# Visual Studio 2013
VisualStudioVersion = 12.0.21005.1
MinimumVisualStudioVersion = 10.0.40219.1
Project("{FAE04EC0-301F-11D3-BF4B-00C04F79EFBC}") = "AutoBa", "AutoBa\AutoBa.csproj", "{496C7D78-17CB-47BC-B20B-11B76864A526}"
EndProject
Project("{FAE04EC0-301F-11D3-BF4B-00C04F79EFBC}") = "report.biz", "..\report.biz\report.biz.csproj", "{D529E307-C410-42C9-96F4-391A09DF8D67}"
EndProject
Project("{FAE04EC0-301F-11D3-BF4B-00C04F79EFBC}") = "report.entity", "..\report.entity\report.entity.csproj", "{C4186C84-8C49-4716-AC69-4155974D6377}"
EndProject
Project("{FAE04EC0-301F-11D3-BF4B-00C04F79EFBC}") = "report.itf", "..\report.itf\report.itf.csproj", "{4AA9A95E-191B-4BE8-977F-DF058D4A738D}"
EndProject
Global
	GlobalSection(SolutionConfigurationPlatforms) = preSolution
		Debug|Any CPU = Debug|Any CPU
		Release|Any CPU = Release|Any CPU
	EndGlobalSection
	GlobalSection(ProjectConfigurationPlatforms) = postSolution
		{496C7D78-17CB-47BC-B20B-11B76864A526}.Debug|Any CPU.ActiveCfg = Debug|Any CPU
		{496C7D78-17CB-47BC-B20B-11B76864A526}.Debug|Any CPU.Build.0 = Debug|Any CPU
		{496C7D78-17CB-47BC-B20B-11B76864A526}.Release|Any CPU.ActiveCfg = Release|Any CPU
		{496C7D78-17CB-47BC-B20B-11B76864A526}.Release|Any CPU.Build.0 = Release|Any CPU
		{D529E307-C410-42C9-96F4-391A09DF8D67}.Debug|Any CPU.ActiveCfg = Debug|Any CPU
		{D529E307-C410-42C9-96F4-391A09DF8D67}.Debug|Any CPU.Build.0 = Debug|Any CPU
		{D529E307-C410-42C9-96F4-391A09DF8D67}.Release|Any CPU.ActiveCfg = Release|Any CPU
		{D529E307-C410-42C9-96F4-391A09DF8D67}.Release|Any CPU.Build.0 = Release|Any CPU
		{C4186C84-8C49-4716-AC69-4155974D6377}.Debug|Any CPU.ActiveCfg = Debug|Any CPU
		{C4186C84-8C49-4716-AC69-4155974D6377}.Debug|Any CPU.Build.0 = Debug|Any CPU
		{C4186C84-8C49-4716-AC69-4155974D6377}.Release|Any CPU.ActiveCfg = Release|Any CPU
		{C4186C84-8C49-4716-AC69-4155974D6377}.Release|Any CPU.Build.0 = Release|Any CPU
		{4AA9A95E-191B-4BE8-977F-DF058D4A738D}.Debug|Any CPU.ActiveCfg = Debug|Any CPU
		{4AA9A95E-191B-4BE8-977F-DF058D4A738D}.Debug|Any CPU.Build.0 = Debug|Any CPU
		{4AA9A95E-191B-4BE8-977F-DF058D4A738D}.Release|Any CPU.ActiveCfg = Release|Any CPU
		{4AA9A95E-191B-4BE8-977F-DF058D4A738D}.Release|Any CPU.Build.0 = Release|Any CPU
	EndGlobalSection
	GlobalSection(SolutionProperties) = preSolution
		HideSolutionNode = FALSE
	EndGlobalSection
EndGlobal
